
Microsoft Visual Studio Solution File, Format Version 12.00
# Visual Studio Version 17
VisualStudioVersion = 17.13.35931.197 d17.13
MinimumVisualStudioVersion = 10.0.40219.1
Project("{FAE04EC0-301F-11D3-BF4B-00C04F79EFBC}") = "SearchFriend", "SearchFriend.csproj", "{D1895804-AC3C-4372-8A16-C60A871D2D44}"
EndProject
Global
	GlobalSection(SolutionConfigurationPlatforms) = preSolution
		Debug|Any CPU = Debug|Any CPU
		Release|Any CPU = Release|Any CPU
	EndGlobalSection
	GlobalSection(ProjectConfigurationPlatforms) = postSolution
		{D1895804-AC3C-4372-8A16-C60A871D2D44}.Debug|Any CPU.ActiveCfg = Debug|Any CPU
		{D1895804-AC3C-4372-8A16-C60A871D2D44}.Debug|Any CPU.Build.0 = Debug|Any CPU
		{D1895804-AC3C-4372-8A16-C60A871D2D44}.Release|Any CPU.ActiveCfg = Release|Any CPU
		{D1895804-AC3C-4372-8A16-C60A871D2D44}.Release|Any CPU.Build.0 = Release|Any CPU
	EndGlobalSection
	GlobalSection(SolutionProperties) = preSolution
		HideSolutionNode = FALSE
	EndGlobalSection
	GlobalSection(ExtensibilityGlobals) = postSolution
		SolutionGuid = {E5B70CE4-5F95-46EC-B980-0D7487914B61}
	EndGlobalSection
EndGlobal
